
Microsoft Visual Studio Solution File, Format Version 12.00
# Visual Studio 14
VisualStudioVersion = 14.0.25420.1
MinimumVisualStudioVersion = 10.0.40219.1
Project("{FAE04EC0-301F-11D3-BF4B-00C04F79EFBC}") = "HostContestApp.Domain", "HostContestApp.Domain\HostContestApp.Domain.csproj", "{7230A720-EB7C-4A91-99EA-115C50A3239B}"
EndProject
Project("{FAE04EC0-301F-11D3-BF4B-00C04F79EFBC}") = "HostContestApp.WebUI", "HostContestApp.WebUI\HostContestApp.WebUI.csproj", "{6BA23894-22DA-477D-80F5-E17FF295A084}"
EndProject
Project("{FAE04EC0-301F-11D3-BF4B-00C04F79EFBC}") = "HostContestApp.UnitTests", "HostContestApp.UnitTest\HostContestApp.UnitTests.csproj", "{599E9720-331F-429B-A4A6-116EE983827D}"
EndProject
Global
	GlobalSection(SolutionConfigurationPlatforms) = preSolution
		Debug|Any CPU = Debug|Any CPU
		Release|Any CPU = Release|Any CPU
	EndGlobalSection
	GlobalSection(ProjectConfigurationPlatforms) = postSolution
		{7230A720-EB7C-4A91-99EA-115C50A3239B}.Debug|Any CPU.ActiveCfg = Debug|Any CPU
		{7230A720-EB7C-4A91-99EA-115C50A3239B}.Debug|Any CPU.Build.0 = Debug|Any CPU
		{7230A720-EB7C-4A91-99EA-115C50A3239B}.Release|Any CPU.ActiveCfg = Release|Any CPU
		{7230A720-EB7C-4A91-99EA-115C50A3239B}.Release|Any CPU.Build.0 = Release|Any CPU
		{6BA23894-22DA-477D-80F5-E17FF295A084}.Debug|Any CPU.ActiveCfg = Debug|Any CPU
		{6BA23894-22DA-477D-80F5-E17FF295A084}.Debug|Any CPU.Build.0 = Debug|Any CPU
		{6BA23894-22DA-477D-80F5-E17FF295A084}.Release|Any CPU.ActiveCfg = Release|Any CPU
		{6BA23894-22DA-477D-80F5-E17FF295A084}.Release|Any CPU.Build.0 = Release|Any CPU
		{599E9720-331F-429B-A4A6-116EE983827D}.Debug|Any CPU.ActiveCfg = Debug|Any CPU
		{599E9720-331F-429B-A4A6-116EE983827D}.Debug|Any CPU.Build.0 = Debug|Any CPU
		{599E9720-331F-429B-A4A6-116EE983827D}.Release|Any CPU.ActiveCfg = Release|Any CPU
		{599E9720-331F-429B-A4A6-116EE983827D}.Release|Any CPU.Build.0 = Release|Any CPU
	EndGlobalSection
	GlobalSection(SolutionProperties) = preSolution
		HideSolutionNode = FALSE
	EndGlobalSection
EndGlobal
